<?xml version="1.0" encoding="utf-8"?>
<Project ToolsVersion="4.0" xmlns="http://schemas.microsoft.com/developer/msbuild/2003">
  <ItemGroup>
    <Filter Include="源文件">
      <UniqueIdentifier>{4FC737F1-C7A5-4376-A066-2A32D752A2FF}</UniqueIdentifier>
      <Extensions>cpp;c;cc;cxx;c++;cppm;ixx;def;odl;idl;hpj;bat;asm;asmx</Extensions>
    </Filter>
    <Filter Include="头文件">
      <UniqueIdentifier>{93995380-89BD-4b04-88EB-625FBE52EBFB}</UniqueIdentifier>
      <Extensions>h;hh;hpp;hxx;h++;hm;inl;inc;ipp;xsd</Extensions>
    </Filter>
    <Filter Include="资源文件">
      <UniqueIdentifier>{67DA6AB6-F800-4c08-8B7A-83BB121AAD01}</UniqueIdentifier>
      <Extensions>rc;ico;cur;bmp;dlg;rc2;rct;bin;rgs;gif;jpg;jpeg;jpe;resx;tiff;tif;png;wav;mfcribbon-ms</Extensions>
    </Filter>
  </ItemGroup>
  <ItemGroup>
    <ClCompile Include="code01_全局区.cpp">
      <Filter>源文件</Filter>
    </ClCompile>
    <ClCompile Include="code02_栈区.cpp">
      <Filter>源文件</Filter>
    </ClCompile>
    <ClCompile Include="code03_堆区.cpp">
      <Filter>源文件</Filter>
    </ClCompile>
    <ClCompile Include="code04_引用.cpp">
      <Filter>源文件</Filter>
    </ClCompile>
    <ClCompile Include="code05_函数高级.cpp">
      <Filter>源文件</Filter>
    </ClCompile>
    <ClCompile Include="code06_封装的意义.cpp">
      <Filter>源文件</Filter>
    </ClCompile>
    <ClCompile Include="code07_构造与析构函数.cpp">
      <Filter>源文件</Filter>
    </ClCompile>
    <ClCompile Include="code09_初始化列表.cpp">
      <Filter>源文件</Filter>
    </ClCompile>
    <ClCompile Include="code10_类对象作为类成员.cpp">
      <Filter>源文件</Filter>
    </ClCompile>
    <ClCompile Include="code11_静态成员.cpp">
      <Filter>源文件</Filter>
    </ClCompile>
    <ClCompile Include="code12_成员函数.cpp">
      <Filter>源文件</Filter>
    </ClCompile>
    <ClCompile Include="code13_this指针.cpp">
      <Filter>源文件</Filter>
    </ClCompile>
    <ClCompile Include="code14_空指针访问成员函数.cpp">
      <Filter>源文件</Filter>
    </ClCompile>
    <ClCompile Include="code16_全局函数做友元.cpp">
      <Filter>源文件</Filter>
    </ClCompile>
    <ClCompile Include="code17_类做友元.cpp">
      <Filter>源文件</Filter>
    </ClCompile>
    <ClCompile Include="code18_成员函数做友元.cpp">
      <Filter>源文件</Filter>
    </ClCompile>
    <ClCompile Include="code19_加号运算符重载.cpp">
      <Filter>源文件</Filter>
    </ClCompile>
    <ClCompile Include="code20_左移运算符重载.cpp">
      <Filter>源文件</Filter>
    </ClCompile>
    <ClCompile Include="code21_递增运算符重载.cpp">
      <Filter>源文件</Filter>
    </ClCompile>
    <ClCompile Include="code22_赋值运算符重载.cpp">
      <Filter>源文件</Filter>
    </ClCompile>
    <ClCompile Include="code23_关系运算符重载.cpp">
      <Filter>源文件</Filter>
    </ClCompile>
    <ClCompile Include="code24_函数调用运算符重载.cpp">
      <Filter>源文件</Filter>
    </ClCompile>
    <ClCompile Include="code26_继承实现.cpp">
      <Filter>源文件</Filter>
    </ClCompile>
    <ClCompile Include="code27_继承三种方式.cpp">
      <Filter>源文件</Filter>
    </ClCompile>
    <ClCompile Include="code28_继承中的对象模型.cpp">
      <Filter>源文件</Filter>
    </ClCompile>
    <ClCompile Include="code29_继承中构造与析构顺序.cpp">
      <Filter>源文件</Filter>
    </ClCompile>
    <ClCompile Include="code30_继承同名函数处理.cpp">
      <Filter>源文件</Filter>
    </ClCompile>
    <ClCompile Include="code31_继承同名静态成员.cpp">
      <Filter>源文件</Filter>
    </ClCompile>
    <ClCompile Include="code32_多继承.cpp">
      <Filter>源文件</Filter>
    </ClCompile>
    <ClCompile Include="code33_菱形继承.cpp">
      <Filter>源文件</Filter>
    </ClCompile>
    <ClCompile Include="code33_多态基本概念.cpp">
      <Filter>源文件</Filter>
    </ClCompile>
    <ClCompile Include="code34_多态计算器.cpp">
      <Filter>源文件</Filter>
    </ClCompile>
    <ClCompile Include="code35_纯虚函数与抽象类.cpp">
      <Filter>源文件</Filter>
    </ClCompile>
    <ClCompile Include="code37_虚析构与纯析构.cpp">
      <Filter>源文件</Filter>
    </ClCompile>
    <ClCompile Include="code39_文件读写.cpp">
      <Filter>源文件</Filter>
    </ClCompile>
    <ClCompile Include="code40_二进制文件读写.cpp">
      <Filter>源文件</Filter>
    </ClCompile>
    <ClCompile Include="code07_构造函数调用规则01.cpp">
      <Filter>源文件</Filter>
    </ClCompile>
    <ClCompile Include="code08_深拷贝与浅拷贝.cpp">
      <Filter>源文件</Filter>
    </ClCompile>
    <ClCompile Include="code15_const修饰函数.cpp">
      <Filter>源文件</Filter>
    </ClCompile>
    <ClCompile Include="code25_功能普通方法实现.cpp">
      <Filter>源文件</Filter>
    </ClCompile>
    <ClCompile Include="code36_多态案例制作饮品.cpp">
      <Filter>源文件</Filter>
    </ClCompile>
    <ClCompile Include="code38_多态案例组装电脑.cpp">
      <Filter>源文件</Filter>
    </ClCompile>
  </ItemGroup>
</Project>