<?xml version="1.0" encoding="utf-8"?>
<Project ToolsVersion="4.0" xmlns="http://schemas.microsoft.com/developer/msbuild/2003">
  <ItemGroup>
    <Filter Include="源文件">
      <UniqueIdentifier>{4FC737F1-C7A5-4376-A066-2A32D752A2FF}</UniqueIdentifier>
      <Extensions>cpp;c;cc;cxx;c++;cppm;ixx;def;odl;idl;hpj;bat;asm;asmx</Extensions>
    </Filter>
    <Filter Include="头文件">
      <UniqueIdentifier>{93995380-89BD-4b04-88EB-625FBE52EBFB}</UniqueIdentifier>
      <Extensions>h;hh;hpp;hxx;h++;hm;inl;inc;ipp;xsd</Extensions>
    </Filter>
    <Filter Include="资源文件">
      <UniqueIdentifier>{67DA6AB6-F800-4c08-8B7A-83BB121AAD01}</UniqueIdentifier>
      <Extensions>rc;ico;cur;bmp;dlg;rc2;rct;bin;rgs;gif;jpg;jpeg;jpe;resx;tiff;tif;png;wav;mfcribbon-ms</Extensions>
    </Filter>
  </ItemGroup>
  <ItemGroup>
    <ClCompile Include="code01_helloworld.cpp">
      <Filter>源文件</Filter>
    </ClCompile>
    <ClCompile Include="code02_usevariable.cpp">
      <Filter>源文件</Filter>
    </ClCompile>
    <ClCompile Include="code03_usecon.cpp">
      <Filter>源文件</Filter>
    </ClCompile>
    <ClCompile Include="code04_int_use.cpp">
      <Filter>源文件</Filter>
    </ClCompile>
    <ClCompile Include="code05_float_use.cpp">
      <Filter>源文件</Filter>
    </ClCompile>
    <ClCompile Include="code04_char_use.cpp">
      <Filter>源文件</Filter>
    </ClCompile>
    <ClCompile Include="code06_转义字符.cpp">
      <Filter>源文件</Filter>
    </ClCompile>
    <ClCompile Include="code07_运算符.cpp">
      <Filter>源文件</Filter>
    </ClCompile>
    <ClCompile Include="code08_自增运算符.cpp">
      <Filter>源文件</Filter>
    </ClCompile>
    <ClCompile Include="code09_程序控制.cpp">
      <Filter>源文件</Filter>
    </ClCompile>
    <ClCompile Include="code10_循环结构.cpp">
      <Filter>源文件</Filter>
    </ClCompile>
    <ClCompile Include="code11_跳转语句break.cpp">
      <Filter>源文件</Filter>
    </ClCompile>
    <ClCompile Include="code12_跳转语句continue.cpp">
      <Filter>源文件</Filter>
    </ClCompile>
    <ClCompile Include="code13_数组.cpp">
      <Filter>源文件</Filter>
    </ClCompile>
    <ClCompile Include="code14_函数.cpp">
      <Filter>源文件</Filter>
    </ClCompile>
    <ClCompile Include="code15_重点指针.cpp">
      <Filter>源文件</Filter>
    </ClCompile>
    <ClCompile Include="code16_结构体.cpp">
      <Filter>源文件</Filter>
    </ClCompile>
    <ClCompile Include="swap.cpp">
      <Filter>源文件</Filter>
    </ClCompile>
    <ClCompile Include="code17_结构体案例.cpp">
      <Filter>源文件</Filter>
    </ClCompile>
    <ClCompile Include="code18_结构体案例.cpp">
      <Filter>源文件</Filter>
    </ClCompile>
  </ItemGroup>
  <ItemGroup>
    <ClInclude Include="swap.h">
      <Filter>头文件</Filter>
    </ClInclude>
  </ItemGroup>
</Project>