
Microsoft Visual Studio Solution File, Format Version 12.00
# Visual Studio Version 16
VisualStudioVersion = 16.0.30717.126
MinimumVisualStudioVersion = 10.0.40219.1
Project("{8BC9CEB8-8B4A-11D0-8D11-00A0C91BC942}") = "CPP01_HelloWorld", "CPP01_HelloWorld.vcxproj", "{E3AF4523-2211-4B40-AD63-F98500D6124F}"
EndProject
Global
	GlobalSection(SolutionConfigurationPlatforms) = preSolution
		Debug|x64 = Debug|x64
		Debug|x86 = Debug|x86
		Release|x64 = Release|x64
		Release|x86 = Release|x86
	EndGlobalSection
	GlobalSection(ProjectConfigurationPlatforms) = postSolution
		{E3AF4523-2211-4B40-AD63-F98500D6124F}.Debug|x64.ActiveCfg = Debug|x64
		{E3AF4523-2211-4B40-AD63-F98500D6124F}.Debug|x64.Build.0 = Debug|x64
		{E3AF4523-2211-4B40-AD63-F98500D6124F}.Debug|x86.ActiveCfg = Debug|Win32
		{E3AF4523-2211-4B40-AD63-F98500D6124F}.Debug|x86.Build.0 = Debug|Win32
		{E3AF4523-2211-4B40-AD63-F98500D6124F}.Release|x64.ActiveCfg = Release|x64
		{E3AF4523-2211-4B40-AD63-F98500D6124F}.Release|x64.Build.0 = Release|x64
		{E3AF4523-2211-4B40-AD63-F98500D6124F}.Release|x86.ActiveCfg = Release|Win32
		{E3AF4523-2211-4B40-AD63-F98500D6124F}.Release|x86.Build.0 = Release|Win32
	EndGlobalSection
	GlobalSection(SolutionProperties) = preSolution
		HideSolutionNode = FALSE
	EndGlobalSection
	GlobalSection(ExtensibilityGlobals) = postSolution
		SolutionGuid = {ABD77B7C-EF7D-4023-B580-56FA6ACADDB0}
	EndGlobalSection
EndGlobal
